// !$*UTF8*$!
{
	archiveVersion = 1;
	classes = {
	};
	objectVersion = 56;
	objects = {

/* Begin PBXBuildFile section */
		814484D02948BF9800CB200C /* VideoItemView.swift in Sources */ = {isa = PBXBuildFile; fileRef = 814484CF2948BF9800CB200C /* VideoItemView.swift */; };
		814484D22948BFB100CB200C /* VideoModel.swift in Sources */ = {isa = PBXBuildFile; fileRef = 814484D12948BFB100CB200C /* VideoModel.swift */; };
		814484D52948C03100CB200C /* videoMock.swift in Sources */ = {isa = PBXBuildFile; fileRef = 814484D42948C03100CB200C /* videoMock.swift */; };
		814484D82948CEB600CB200C /* PlayVideo.swift in Sources */ = {isa = PBXBuildFile; fileRef = 814484D72948CEB600CB200C /* PlayVideo.swift */; };
		814484DA2948D1AB00CB200C /* VideoPlayerView.swift in Sources */ = {isa = PBXBuildFile; fileRef = 814484D92948D1AB00CB200C /* VideoPlayerView.swift */; };
		8185FD652944EC2100817116 /* CoverImageView.swift in Sources */ = {isa = PBXBuildFile; fileRef = 8185FD642944EC2100817116 /* CoverImageView.swift */; };
		8185FD6A2944EE6200817116 /* UrlBundle.swift in Sources */ = {isa = PBXBuildFile; fileRef = 8185FD692944EE6200817116 /* UrlBundle.swift */; };
		8185FD6E2944EEAA00817116 /* CoverImageModel.swift in Sources */ = {isa = PBXBuildFile; fileRef = 8185FD6D2944EEAA00817116 /* CoverImageModel.swift */; };
		8185FD702945510F00817116 /* AnimalsModel.swift in Sources */ = {isa = PBXBuildFile; fileRef = 8185FD6F2945510F00817116 /* AnimalsModel.swift */; };
		8185FD74294552CB00817116 /* ListItemView.swift in Sources */ = {isa = PBXBuildFile; fileRef = 8185FD73294552CB00817116 /* ListItemView.swift */; };
		8185FD7729455B9600817116 /* animalMock.swift in Sources */ = {isa = PBXBuildFile; fileRef = 8185FD7629455B9600817116 /* animalMock.swift */; };
		8185FD7929455C9300817116 /* AnimalDetails.swift in Sources */ = {isa = PBXBuildFile; fileRef = 8185FD7829455C9300817116 /* AnimalDetails.swift */; };
		81AABEFB2943E97100034429 /* AfricaApp.swift in Sources */ = {isa = PBXBuildFile; fileRef = 81AABEFA2943E97100034429 /* AfricaApp.swift */; };
		81AABEFD2943E97100034429 /* ContentView.swift in Sources */ = {isa = PBXBuildFile; fileRef = 81AABEFC2943E97100034429 /* ContentView.swift */; };
		81AABEFF2943E97200034429 /* Assets.xcassets in Resources */ = {isa = PBXBuildFile; fileRef = 81AABEFE2943E97200034429 /* Assets.xcassets */; };
		81AABF022943E97200034429 /* Preview Assets.xcassets in Resources */ = {isa = PBXBuildFile; fileRef = 81AABF012943E97200034429 /* Preview Assets.xcassets */; };
		81AABF132943EB8000034429 /* gorilla.mp4 in Resources */ = {isa = PBXBuildFile; fileRef = 81AABF092943EB8000034429 /* gorilla.mp4 */; };
		81AABF142943EB8000034429 /* cheetah.mp4 in Resources */ = {isa = PBXBuildFile; fileRef = 81AABF0A2943EB8000034429 /* cheetah.mp4 */; };
		81AABF152943EB8000034429 /* lioness.mp4 in Resources */ = {isa = PBXBuildFile; fileRef = 81AABF0B2943EB8000034429 /* lioness.mp4 */; };
		81AABF162943EB8000034429 /* elephant.mp4 in Resources */ = {isa = PBXBuildFile; fileRef = 81AABF0C2943EB8000034429 /* elephant.mp4 */; };
		81AABF172943EB8000034429 /* giraffe.mp4 in Resources */ = {isa = PBXBuildFile; fileRef = 81AABF0D2943EB8000034429 /* giraffe.mp4 */; };
		81AABF182943EB8000034429 /* hippo.mp4 in Resources */ = {isa = PBXBuildFile; fileRef = 81AABF0E2943EB8000034429 /* hippo.mp4 */; };
		81AABF192943EB8000034429 /* lion.mp4 in Resources */ = {isa = PBXBuildFile; fileRef = 81AABF0F2943EB8000034429 /* lion.mp4 */; };
		81AABF1A2943EB8000034429 /* rhino.mp4 in Resources */ = {isa = PBXBuildFile; fileRef = 81AABF102943EB8000034429 /* rhino.mp4 */; };
		81AABF1B2943EB8000034429 /* ostrich.mp4 in Resources */ = {isa = PBXBuildFile; fileRef = 81AABF112943EB8000034429 /* ostrich.mp4 */; };
		81AABF1C2943EB8000034429 /* zebra.mp4 in Resources */ = {isa = PBXBuildFile; fileRef = 81AABF122943EB8000034429 /* zebra.mp4 */; };
		81AABF222943EBB200034429 /* animals.json in Resources */ = {isa = PBXBuildFile; fileRef = 81AABF1E2943EBB200034429 /* animals.json */; };
		81AABF232943EBB200034429 /* covers.json in Resources */ = {isa = PBXBuildFile; fileRef = 81AABF1F2943EBB200034429 /* covers.json */; };
		81AABF242943EBB200034429 /* videos.json in Resources */ = {isa = PBXBuildFile; fileRef = 81AABF202943EBB200034429 /* videos.json */; };
		81AABF252943EBB200034429 /* locations.json in Resources */ = {isa = PBXBuildFile; fileRef = 81AABF212943EBB200034429 /* locations.json */; };
		81AABF292943EF1B00034429 /* GalleryView.swift in Sources */ = {isa = PBXBuildFile; fileRef = 81AABF282943EF1B00034429 /* GalleryView.swift */; };
		81AABF2B2943EF2B00034429 /* MapView.swift in Sources */ = {isa = PBXBuildFile; fileRef = 81AABF2A2943EF2B00034429 /* MapView.swift */; };
		81AABF2D2943EF4500034429 /* VideoListView.swift in Sources */ = {isa = PBXBuildFile; fileRef = 81AABF2C2943EF4500034429 /* VideoListView.swift */; };
		81AABF2F2943EF9400034429 /* MainView.swift in Sources */ = {isa = PBXBuildFile; fileRef = 81AABF2E2943EF9400034429 /* MainView.swift */; };
		81B710A3294792D100FD9DC2 /* HeadingView.swift in Sources */ = {isa = PBXBuildFile; fileRef = 81B710A2294792D100FD9DC2 /* HeadingView.swift */; };
		81B710A52947961600FD9DC2 /* GalleryImage.swift in Sources */ = {isa = PBXBuildFile; fileRef = 81B710A42947961600FD9DC2 /* GalleryImage.swift */; };
		81B710A72947A98000FD9DC2 /* InsetMapView.swift in Sources */ = {isa = PBXBuildFile; fileRef = 81B710A62947A98000FD9DC2 /* InsetMapView.swift */; };
		81B710A92947ADB100FD9DC2 /* ExternalWebLinkView.swift in Sources */ = {isa = PBXBuildFile; fileRef = 81B710A82947ADB100FD9DC2 /* ExternalWebLinkView.swift */; };
		81C4DF7D294AA1C100A4C27D /* LocationsModel.swift in Sources */ = {isa = PBXBuildFile; fileRef = 81C4DF7C294AA1C100A4C27D /* LocationsModel.swift */; };
/* End PBXBuildFile section */

/* Begin PBXFileReference section */
		814484CF2948BF9800CB200C /* VideoItemView.swift */ = {isa = PBXFileReference; lastKnownFileType = sourcecode.swift; path = VideoItemView.swift; sourceTree = "<group>"; };
		814484D12948BFB100CB200C /* VideoModel.swift */ = {isa = PBXFileReference; lastKnownFileType = sourcecode.swift; path = VideoModel.swift; sourceTree = "<group>"; };
		814484D42948C03100CB200C /* videoMock.swift */ = {isa = PBXFileReference; lastKnownFileType = sourcecode.swift; path = videoMock.swift; sourceTree = "<group>"; };
		814484D72948CEB600CB200C /* PlayVideo.swift */ = {isa = PBXFileReference; lastKnownFileType = sourcecode.swift; path = PlayVideo.swift; sourceTree = "<group>"; };
		814484D92948D1AB00CB200C /* VideoPlayerView.swift */ = {isa = PBXFileReference; lastKnownFileType = sourcecode.swift; path = VideoPlayerView.swift; sourceTree = "<group>"; };
		8185FD642944EC2100817116 /* CoverImageView.swift */ = {isa = PBXFileReference; lastKnownFileType = sourcecode.swift; path = CoverImageView.swift; sourceTree = "<group>"; };
		8185FD692944EE6200817116 /* UrlBundle.swift */ = {isa = PBXFileReference; lastKnownFileType = sourcecode.swift; path = UrlBundle.swift; sourceTree = "<group>"; };
		8185FD6D2944EEAA00817116 /* CoverImageModel.swift */ = {isa = PBXFileReference; lastKnownFileType = sourcecode.swift; path = CoverImageModel.swift; sourceTree = "<group>"; };
		8185FD6F2945510F00817116 /* AnimalsModel.swift */ = {isa = PBXFileReference; lastKnownFileType = sourcecode.swift; path = AnimalsModel.swift; sourceTree = "<group>"; };
		8185FD73294552CB00817116 /* ListItemView.swift */ = {isa = PBXFileReference; lastKnownFileType = sourcecode.swift; path = ListItemView.swift; sourceTree = "<group>"; };
		8185FD7629455B9600817116 /* animalMock.swift */ = {isa = PBXFileReference; lastKnownFileType = sourcecode.swift; path = animalMock.swift; sourceTree = "<group>"; };
		8185FD7829455C9300817116 /* AnimalDetails.swift */ = {isa = PBXFileReference; lastKnownFileType = sourcecode.swift; path = AnimalDetails.swift; sourceTree = "<group>"; };
		81AABEF72943E97100034429 /* Africa.app */ = {isa = PBXFileReference; explicitFileType = wrapper.application; includeInIndex = 0; path = Africa.app; sourceTree = BUILT_PRODUCTS_DIR; };
		81AABEFA2943E97100034429 /* AfricaApp.swift */ = {isa = PBXFileReference; lastKnownFileType = sourcecode.swift; path = AfricaApp.swift; sourceTree = "<group>"; };
		81AABEFC2943E97100034429 /* ContentView.swift */ = {isa = PBXFileReference; lastKnownFileType = sourcecode.swift; path = ContentView.swift; sourceTree = "<group>"; };
		81AABEFE2943E97200034429 /* Assets.xcassets */ = {isa = PBXFileReference; lastKnownFileType = folder.assetcatalog; path = Assets.xcassets; sourceTree = "<group>"; };
		81AABF012943E97200034429 /* Preview Assets.xcassets */ = {isa = PBXFileReference; lastKnownFileType = folder.assetcatalog; path = "Preview Assets.xcassets"; sourceTree = "<group>"; };
		81AABF092943EB8000034429 /* gorilla.mp4 */ = {isa = PBXFileReference; lastKnownFileType = file; name = gorilla.mp4; path = "../../../../../Downloads/SWIFTUI-APP-AFRICA-UPDATED/Resources/video/gorilla.mp4"; sourceTree = "<group>"; };
		81AABF0A2943EB8000034429 /* cheetah.mp4 */ = {isa = PBXFileReference; lastKnownFileType = file; name = cheetah.mp4; path = "../../../../../Downloads/SWIFTUI-APP-AFRICA-UPDATED/Resources/video/cheetah.mp4"; sourceTree = "<group>"; };
		81AABF0B2943EB8000034429 /* lioness.mp4 */ = {isa = PBXFileReference; lastKnownFileType = file; name = lioness.mp4; path = "../../../../../Downloads/SWIFTUI-APP-AFRICA-UPDATED/Resources/video/lioness.mp4"; sourceTree = "<group>"; };
		81AABF0C2943EB8000034429 /* elephant.mp4 */ = {isa = PBXFileReference; lastKnownFileType = file; name = elephant.mp4; path = "../../../../../Downloads/SWIFTUI-APP-AFRICA-UPDATED/Resources/video/elephant.mp4"; sourceTree = "<group>"; };
		81AABF0D2943EB8000034429 /* giraffe.mp4 */ = {isa = PBXFileReference; lastKnownFileType = file; name = giraffe.mp4; path = "../../../../../Downloads/SWIFTUI-APP-AFRICA-UPDATED/Resources/video/giraffe.mp4"; sourceTree = "<group>"; };
		81AABF0E2943EB8000034429 /* hippo.mp4 */ = {isa = PBXFileReference; lastKnownFileType = file; name = hippo.mp4; path = "../../../../../Downloads/SWIFTUI-APP-AFRICA-UPDATED/Resources/video/hippo.mp4"; sourceTree = "<group>"; };
		81AABF0F2943EB8000034429 /* lion.mp4 */ = {isa = PBXFileReference; lastKnownFileType = file; name = lion.mp4; path = "../../../../../Downloads/SWIFTUI-APP-AFRICA-UPDATED/Resources/video/lion.mp4"; sourceTree = "<group>"; };
		81AABF102943EB8000034429 /* rhino.mp4 */ = {isa = PBXFileReference; lastKnownFileType = file; name = rhino.mp4; path = "../../../../../Downloads/SWIFTUI-APP-AFRICA-UPDATED/Resources/video/rhino.mp4"; sourceTree = "<group>"; };
		81AABF112943EB8000034429 /* ostrich.mp4 */ = {isa = PBXFileReference; lastKnownFileType = file; name = ostrich.mp4; path = "../../../../../Downloads/SWIFTUI-APP-AFRICA-UPDATED/Resources/video/ostrich.mp4"; sourceTree = "<group>"; };
		81AABF122943EB8000034429 /* zebra.mp4 */ = {isa = PBXFileReference; lastKnownFileType = file; name = zebra.mp4; path = "../../../../../Downloads/SWIFTUI-APP-AFRICA-UPDATED/Resources/video/zebra.mp4"; sourceTree = "<group>"; };
		81AABF1E2943EBB200034429 /* animals.json */ = {isa = PBXFileReference; fileEncoding = 4; lastKnownFileType = text.json; name = animals.json; path = "../../../../../Downloads/SWIFTUI-APP-AFRICA-UPDATED/Resources/data/animals.json"; sourceTree = "<group>"; };
		81AABF1F2943EBB200034429 /* covers.json */ = {isa = PBXFileReference; fileEncoding = 4; lastKnownFileType = text.json; name = covers.json; path = "../../../../../Downloads/SWIFTUI-APP-AFRICA-UPDATED/Resources/data/covers.json"; sourceTree = "<group>"; };
		81AABF202943EBB200034429 /* videos.json */ = {isa = PBXFileReference; fileEncoding = 4; lastKnownFileType = text.json; name = videos.json; path = "../../../../../Downloads/SWIFTUI-APP-AFRICA-UPDATED/Resources/data/videos.json"; sourceTree = "<group>"; };
		81AABF212943EBB200034429 /* locations.json */ = {isa = PBXFileReference; fileEncoding = 4; lastKnownFileType = text.json; name = locations.json; path = "../../../../../Downloads/SWIFTUI-APP-AFRICA-UPDATED/Resources/data/locations.json"; sourceTree = "<group>"; };
		81AABF262943EE6F00034429 /* Info.plist */ = {isa = PBXFileReference; lastKnownFileType = text.plist; path = Info.plist; sourceTree = "<group>"; };
		81AABF282943EF1B00034429 /* GalleryView.swift */ = {isa = PBXFileReference; lastKnownFileType = sourcecode.swift; path = GalleryView.swift; sourceTree = "<group>"; };
		81AABF2A2943EF2B00034429 /* MapView.swift */ = {isa = PBXFileReference; lastKnownFileType = sourcecode.swift; path = MapView.swift; sourceTree = "<group>"; };
		81AABF2C2943EF4500034429 /* VideoListView.swift */ = {isa = PBXFileReference; lastKnownFileType = sourcecode.swift; path = VideoListView.swift; sourceTree = "<group>"; };
		81AABF2E2943EF9400034429 /* MainView.swift */ = {isa = PBXFileReference; lastKnownFileType = sourcecode.swift; path = MainView.swift; sourceTree = "<group>"; };
		81B710A2294792D100FD9DC2 /* HeadingView.swift */ = {isa = PBXFileReference; lastKnownFileType = sourcecode.swift; path = HeadingView.swift; sourceTree = "<group>"; };
		81B710A42947961600FD9DC2 /* GalleryImage.swift */ = {isa = PBXFileReference; lastKnownFileType = sourcecode.swift; path = GalleryImage.swift; sourceTree = "<group>"; };
		81B710A62947A98000FD9DC2 /* InsetMapView.swift */ = {isa = PBXFileReference; lastKnownFileType = sourcecode.swift; path = InsetMapView.swift; sourceTree = "<group>"; };
		81B710A82947ADB100FD9DC2 /* ExternalWebLinkView.swift */ = {isa = PBXFileReference; lastKnownFileType = sourcecode.swift; path = ExternalWebLinkView.swift; sourceTree = "<group>"; };
		81C4DF7C294AA1C100A4C27D /* LocationsModel.swift */ = {isa = PBXFileReference; lastKnownFileType = sourcecode.swift; path = LocationsModel.swift; sourceTree = "<group>"; };
/* End PBXFileReference section */

/* Begin PBXFrameworksBuildPhase section */
		81AABEF42943E97100034429 /* Frameworks */ = {
			isa = PBXFrameworksBuildPhase;
			buildActionMask = 2147483647;
			files = (
			);
			runOnlyForDeploymentPostprocessing = 0;
		};
/* End PBXFrameworksBuildPhase section */

/* Begin PBXGroup section */
		8185FD632944EC0F00817116 /* View */ = {
			isa = PBXGroup;
			children = (
				8185FD642944EC2100817116 /* CoverImageView.swift */,
				8185FD73294552CB00817116 /* ListItemView.swift */,
				8185FD7829455C9300817116 /* AnimalDetails.swift */,
				81B710A2294792D100FD9DC2 /* HeadingView.swift */,
				81B710A42947961600FD9DC2 /* GalleryImage.swift */,
				81B710A62947A98000FD9DC2 /* InsetMapView.swift */,
				81B710A82947ADB100FD9DC2 /* ExternalWebLinkView.swift */,
				814484CF2948BF9800CB200C /* VideoItemView.swift */,
				814484D92948D1AB00CB200C /* VideoPlayerView.swift */,
			);
			path = View;
			sourceTree = "<group>";
		};
		8185FD662944EE2E00817116 /* Extension */ = {
			isa = PBXGroup;
			children = (
				8185FD692944EE6200817116 /* UrlBundle.swift */,
				814484D72948CEB600CB200C /* PlayVideo.swift */,
			);
			path = Extension;
			sourceTree = "<group>";
		};
		8185FD6C2944EE8E00817116 /* Models */ = {
			isa = PBXGroup;
			children = (
				8185FD6D2944EEAA00817116 /* CoverImageModel.swift */,
				8185FD6F2945510F00817116 /* AnimalsModel.swift */,
				814484D12948BFB100CB200C /* VideoModel.swift */,
				81C4DF7C294AA1C100A4C27D /* LocationsModel.swift */,
			);
			path = Models;
			sourceTree = "<group>";
		};
		8185FD7529455B8300817116 /* Mock */ = {
			isa = PBXGroup;
			children = (
				8185FD7629455B9600817116 /* animalMock.swift */,
				814484D42948C03100CB200C /* videoMock.swift */,
			);
			path = Mock;
			sourceTree = "<group>";
		};
		81AABEEE2943E97100034429 = {
			isa = PBXGroup;
			children = (
				81AABEF92943E97100034429 /* Africa */,
				81AABEF82943E97100034429 /* Products */,
			);
			sourceTree = "<group>";
		};
		81AABEF82943E97100034429 /* Products */ = {
			isa = PBXGroup;
			children = (
				81AABEF72943E97100034429 /* Africa.app */,
			);
			name = Products;
			sourceTree = "<group>";
		};
		81AABEF92943E97100034429 /* Africa */ = {
			isa = PBXGroup;
			children = (
				8185FD7529455B8300817116 /* Mock */,
				8185FD6C2944EE8E00817116 /* Models */,
				8185FD662944EE2E00817116 /* Extension */,
				8185FD632944EC0F00817116 /* View */,
				81AABF1D2943EB9200034429 /* Data */,
				81AABF082943EB6D00034429 /* Video */,
				81AABF272943EEC900034429 /* App */,
				81AABF262943EE6F00034429 /* Info.plist */,
				81AABEFE2943E97200034429 /* Assets.xcassets */,
				81AABF002943E97200034429 /* Preview Content */,
			);
			path = Africa;
			sourceTree = "<group>";
		};
		81AABF002943E97200034429 /* Preview Content */ = {
			isa = PBXGroup;
			children = (
				81AABF012943E97200034429 /* Preview Assets.xcassets */,
			);
			path = "Preview Content";
			sourceTree = "<group>";
		};
		81AABF082943EB6D00034429 /* Video */ = {
			isa = PBXGroup;
			children = (
				81AABF0A2943EB8000034429 /* cheetah.mp4 */,
				81AABF0C2943EB8000034429 /* elephant.mp4 */,
				81AABF0D2943EB8000034429 /* giraffe.mp4 */,
				81AABF092943EB8000034429 /* gorilla.mp4 */,
				81AABF0E2943EB8000034429 /* hippo.mp4 */,
				81AABF0F2943EB8000034429 /* lion.mp4 */,
				81AABF0B2943EB8000034429 /* lioness.mp4 */,
				81AABF112943EB8000034429 /* ostrich.mp4 */,
				81AABF102943EB8000034429 /* rhino.mp4 */,
				81AABF122943EB8000034429 /* zebra.mp4 */,
			);
			path = Video;
			sourceTree = "<group>";
		};
		81AABF1D2943EB9200034429 /* Data */ = {
			isa = PBXGroup;
			children = (
				81AABF1E2943EBB200034429 /* animals.json */,
				81AABF1F2943EBB200034429 /* covers.json */,
				81AABF212943EBB200034429 /* locations.json */,
				81AABF202943EBB200034429 /* videos.json */,
			);
			path = Data;
			sourceTree = "<group>";
		};
		81AABF272943EEC900034429 /* App */ = {
			isa = PBXGroup;
			children = (
				81AABEFA2943E97100034429 /* AfricaApp.swift */,
				81AABEFC2943E97100034429 /* ContentView.swift */,
				81AABF282943EF1B00034429 /* GalleryView.swift */,
				81AABF2A2943EF2B00034429 /* MapView.swift */,
				81AABF2C2943EF4500034429 /* VideoListView.swift */,
				81AABF2E2943EF9400034429 /* MainView.swift */,
			);
			path = App;
			sourceTree = "<group>";
		};
/* End PBXGroup section */

/* Begin PBXNativeTarget section */
		81AABEF62943E97100034429 /* Africa */ = {
			isa = PBXNativeTarget;
			buildConfigurationList = 81AABF052943E97200034429 /* Build configuration list for PBXNativeTarget "Africa" */;
			buildPhases = (
				81AABEF32943E97100034429 /* Sources */,
				81AABEF42943E97100034429 /* Frameworks */,
				81AABEF52943E97100034429 /* Resources */,
			);
			buildRules = (
			);
			dependencies = (
			);
			name = Africa;
			productName = Africa;
			productReference = 81AABEF72943E97100034429 /* Africa.app */;
			productType = "com.apple.product-type.application";
		};
/* End PBXNativeTarget section */

/* Begin PBXProject section */
		81AABEEF2943E97100034429 /* Project object */ = {
			isa = PBXProject;
			attributes = {
				BuildIndependentTargetsInParallel = 1;
				LastSwiftUpdateCheck = 1400;
				LastUpgradeCheck = 1400;
				TargetAttributes = {
					81AABEF62943E97100034429 = {
						CreatedOnToolsVersion = 14.0.1;
					};
				};
			};
			buildConfigurationList = 81AABEF22943E97100034429 /* Build configuration list for PBXProject "Africa" */;
			compatibilityVersion = "Xcode 14.0";
			developmentRegion = en;
			hasScannedForEncodings = 0;
			knownRegions = (
				en,
				Base,
			);
			mainGroup = 81AABEEE2943E97100034429;
			productRefGroup = 81AABEF82943E97100034429 /* Products */;
			projectDirPath = "";
			projectRoot = "";
			targets = (
				81AABEF62943E97100034429 /* Africa */,
			);
		};
/* End PBXProject section */

/* Begin PBXResourcesBuildPhase section */
		81AABEF52943E97100034429 /* Resources */ = {
			isa = PBXResourcesBuildPhase;
			buildActionMask = 2147483647;
			files = (
				81AABF182943EB8000034429 /* hippo.mp4 in Resources */,
				81AABF142943EB8000034429 /* cheetah.mp4 in Resources */,
				81AABF252943EBB200034429 /* locations.json in Resources */,
				81AABF242943EBB200034429 /* videos.json in Resources */,
				81AABF022943E97200034429 /* Preview Assets.xcassets in Resources */,
				81AABF162943EB8000034429 /* elephant.mp4 in Resources */,
				81AABF1C2943EB8000034429 /* zebra.mp4 in Resources */,
				81AABF152943EB8000034429 /* lioness.mp4 in Resources */,
				81AABF132943EB8000034429 /* gorilla.mp4 in Resources */,
				81AABF232943EBB200034429 /* covers.json in Resources */,
				81AABF222943EBB200034429 /* animals.json in Resources */,
				81AABF172943EB8000034429 /* giraffe.mp4 in Resources */,
				81AABF192943EB8000034429 /* lion.mp4 in Resources */,
				81AABF1A2943EB8000034429 /* rhino.mp4 in Resources */,
				81AABEFF2943E97200034429 /* Assets.xcassets in Resources */,
				81AABF1B2943EB8000034429 /* ostrich.mp4 in Resources */,
			);
			runOnlyForDeploymentPostprocessing = 0;
		};
/* End PBXResourcesBuildPhase section */

/* Begin PBXSourcesBuildPhase section */
		81AABEF32943E97100034429 /* Sources */ = {
			isa = PBXSourcesBuildPhase;
			buildActionMask = 2147483647;
			files = (
				81AABF2D2943EF4500034429 /* VideoListView.swift in Sources */,
				81AABF2F2943EF9400034429 /* MainView.swift in Sources */,
				81B710A52947961600FD9DC2 /* GalleryImage.swift in Sources */,
				814484DA2948D1AB00CB200C /* VideoPlayerView.swift in Sources */,
				81AABEFD2943E97100034429 /* ContentView.swift in Sources */,
				8185FD7929455C9300817116 /* AnimalDetails.swift in Sources */,
				8185FD74294552CB00817116 /* ListItemView.swift in Sources */,
				81B710A3294792D100FD9DC2 /* HeadingView.swift in Sources */,
				814484D02948BF9800CB200C /* VideoItemView.swift in Sources */,
				8185FD702945510F00817116 /* AnimalsModel.swift in Sources */,
				81AABF2B2943EF2B00034429 /* MapView.swift in Sources */,
				81B710A92947ADB100FD9DC2 /* ExternalWebLinkView.swift in Sources */,
				814484D52948C03100CB200C /* videoMock.swift in Sources */,
				814484D82948CEB600CB200C /* PlayVideo.swift in Sources */,
				81C4DF7D294AA1C100A4C27D /* LocationsModel.swift in Sources */,
				814484D22948BFB100CB200C /* VideoModel.swift in Sources */,
				81B710A72947A98000FD9DC2 /* InsetMapView.swift in Sources */,
				8185FD6E2944EEAA00817116 /* CoverImageModel.swift in Sources */,
				81AABF292943EF1B00034429 /* GalleryView.swift in Sources */,
				81AABEFB2943E97100034429 /* AfricaApp.swift in Sources */,
				8185FD652944EC2100817116 /* CoverImageView.swift in Sources */,
				8185FD6A2944EE6200817116 /* UrlBundle.swift in Sources */,
				8185FD7729455B9600817116 /* animalMock.swift in Sources */,
			);
			runOnlyForDeploymentPostprocessing = 0;
		};
/* End PBXSourcesBuildPhase section */

/* Begin XCBuildConfiguration section */
		81AABF032943E97200034429 /* Debug */ = {
			isa = XCBuildConfiguration;
			buildSettings = {
				ALWAYS_SEARCH_USER_PATHS = NO;
				CLANG_ANALYZER_NONNULL = YES;
				CLANG_ANALYZER_NUMBER_OBJECT_CONVERSION = YES_AGGRESSIVE;
				CLANG_CXX_LANGUAGE_STANDARD = "gnu++20";
				CLANG_ENABLE_MODULES = YES;
				CLANG_ENABLE_OBJC_ARC = YES;
				CLANG_ENABLE_OBJC_WEAK = YES;
				CLANG_WARN_BLOCK_CAPTURE_AUTORELEASING = YES;
				CLANG_WARN_BOOL_CONVERSION = YES;
				CLANG_WARN_COMMA = YES;
				CLANG_WARN_CONSTANT_CONVERSION = YES;
				CLANG_WARN_DEPRECATED_OBJC_IMPLEMENTATIONS = YES;
				CLANG_WARN_DIRECT_OBJC_ISA_USAGE = YES_ERROR;
				CLANG_WARN_DOCUMENTATION_COMMENTS = YES;
				CLANG_WARN_EMPTY_BODY = YES;
				CLANG_WARN_ENUM_CONVERSION = YES;
				CLANG_WARN_INFINITE_RECURSION = YES;
				CLANG_WARN_INT_CONVERSION = YES;
				CLANG_WARN_NON_LITERAL_NULL_CONVERSION = YES;
				CLANG_WARN_OBJC_IMPLICIT_RETAIN_SELF = YES;
				CLANG_WARN_OBJC_LITERAL_CONVERSION = YES;
				CLANG_WARN_OBJC_ROOT_CLASS = YES_ERROR;
				CLANG_WARN_QUOTED_INCLUDE_IN_FRAMEWORK_HEADER = YES;
				CLANG_WARN_RANGE_LOOP_ANALYSIS = YES;
				CLANG_WARN_STRICT_PROTOTYPES = YES;
				CLANG_WARN_SUSPICIOUS_MOVE = YES;
				CLANG_WARN_UNGUARDED_AVAILABILITY = YES_AGGRESSIVE;
				CLANG_WARN_UNREACHABLE_CODE = YES;
				CLANG_WARN__DUPLICATE_METHOD_MATCH = YES;
				COPY_PHASE_STRIP = NO;
				DEBUG_INFORMATION_FORMAT = dwarf;
				ENABLE_STRICT_OBJC_MSGSEND = YES;
				ENABLE_TESTABILITY = YES;
				GCC_C_LANGUAGE_STANDARD = gnu11;
				GCC_DYNAMIC_NO_PIC = NO;
				GCC_NO_COMMON_BLOCKS = YES;
				GCC_OPTIMIZATION_LEVEL = 0;
				GCC_PREPROCESSOR_DEFINITIONS = (
					"DEBUG=1",
					"$(inherited)",
				);
				GCC_WARN_64_TO_32_BIT_CONVERSION = YES;
				GCC_WARN_ABOUT_RETURN_TYPE = YES_ERROR;
				GCC_WARN_UNDECLARED_SELECTOR = YES;
				GCC_WARN_UNINITIALIZED_AUTOS = YES_AGGRESSIVE;
				GCC_WARN_UNUSED_FUNCTION = YES;
				GCC_WARN_UNUSED_VARIABLE = YES;
				IPHONEOS_DEPLOYMENT_TARGET = 16.0;
				MTL_ENABLE_DEBUG_INFO = INCLUDE_SOURCE;
				MTL_FAST_MATH = YES;
				ONLY_ACTIVE_ARCH = YES;
				SDKROOT = iphoneos;
				SWIFT_ACTIVE_COMPILATION_CONDITIONS = DEBUG;
				SWIFT_OPTIMIZATION_LEVEL = "-Onone";
			};
			name = Debug;
		};
		81AABF042943E97200034429 /* Release */ = {
			isa = XCBuildConfiguration;
			buildSettings = {
				ALWAYS_SEARCH_USER_PATHS = NO;
				CLANG_ANALYZER_NONNULL = YES;
				CLANG_ANALYZER_NUMBER_OBJECT_CONVERSION = YES_AGGRESSIVE;
				CLANG_CXX_LANGUAGE_STANDARD = "gnu++20";
				CLANG_ENABLE_MODULES = YES;
				CLANG_ENABLE_OBJC_ARC = YES;
				CLANG_ENABLE_OBJC_WEAK = YES;
				CLANG_WARN_BLOCK_CAPTURE_AUTORELEASING = YES;
				CLANG_WARN_BOOL_CONVERSION = YES;
				CLANG_WARN_COMMA = YES;
				CLANG_WARN_CONSTANT_CONVERSION = YES;
				CLANG_WARN_DEPRECATED_OBJC_IMPLEMENTATIONS = YES;
				CLANG_WARN_DIRECT_OBJC_ISA_USAGE = YES_ERROR;
				CLANG_WARN_DOCUMENTATION_COMMENTS = YES;
				CLANG_WARN_EMPTY_BODY = YES;
				CLANG_WARN_ENUM_CONVERSION = YES;
				CLANG_WARN_INFINITE_RECURSION = YES;
				CLANG_WARN_INT_CONVERSION = YES;
				CLANG_WARN_NON_LITERAL_NULL_CONVERSION = YES;
				CLANG_WARN_OBJC_IMPLICIT_RETAIN_SELF = YES;
				CLANG_WARN_OBJC_LITERAL_CONVERSION = YES;
				CLANG_WARN_OBJC_ROOT_CLASS = YES_ERROR;
				CLANG_WARN_QUOTED_INCLUDE_IN_FRAMEWORK_HEADER = YES;
				CLANG_WARN_RANGE_LOOP_ANALYSIS = YES;
				CLANG_WARN_STRICT_PROTOTYPES = YES;
				CLANG_WARN_SUSPICIOUS_MOVE = YES;
				CLANG_WARN_UNGUARDED_AVAILABILITY = YES_AGGRESSIVE;
				CLANG_WARN_UNREACHABLE_CODE = YES;
				CLANG_WARN__DUPLICATE_METHOD_MATCH = YES;
				COPY_PHASE_STRIP = NO;
				DEBUG_INFORMATION_FORMAT = "dwarf-with-dsym";
				ENABLE_NS_ASSERTIONS = NO;
				ENABLE_STRICT_OBJC_MSGSEND = YES;
				GCC_C_LANGUAGE_STANDARD = gnu11;
				GCC_NO_COMMON_BLOCKS = YES;
				GCC_WARN_64_TO_32_BIT_CONVERSION = YES;
				GCC_WARN_ABOUT_RETURN_TYPE = YES_ERROR;
				GCC_WARN_UNDECLARED_SELECTOR = YES;
				GCC_WARN_UNINITIALIZED_AUTOS = YES_AGGRESSIVE;
				GCC_WARN_UNUSED_FUNCTION = YES;
				GCC_WARN_UNUSED_VARIABLE = YES;
				IPHONEOS_DEPLOYMENT_TARGET = 16.0;
				MTL_ENABLE_DEBUG_INFO = NO;
				MTL_FAST_MATH = YES;
				SDKROOT = iphoneos;
				SWIFT_COMPILATION_MODE = wholemodule;
				SWIFT_OPTIMIZATION_LEVEL = "-O";
				VALIDATE_PRODUCT = YES;
			};
			name = Release;
		};
		81AABF062943E97200034429 /* Debug */ = {
			isa = XCBuildConfiguration;
			buildSettings = {
				ASSETCATALOG_COMPILER_APPICON_NAME = AppIcon;
				ASSETCATALOG_COMPILER_GLOBAL_ACCENT_COLOR_NAME = AccentColor;
				CODE_SIGN_STYLE = Automatic;
				CURRENT_PROJECT_VERSION = 1;
				DEVELOPMENT_ASSET_PATHS = "\"Africa/Preview Content\"";
				DEVELOPMENT_TEAM = R555F6422X;
				ENABLE_PREVIEWS = YES;
				GENERATE_INFOPLIST_FILE = YES;
				INFOPLIST_FILE = Africa/Info.plist;
				INFOPLIST_KEY_UIApplicationSceneManifest_Generation = YES;
				INFOPLIST_KEY_UIApplicationSupportsIndirectInputEvents = YES;
				INFOPLIST_KEY_UISupportedInterfaceOrientations_iPad = "UIInterfaceOrientationPortrait UIInterfaceOrientationPortraitUpsideDown UIInterfaceOrientationLandscapeLeft UIInterfaceOrientationLandscapeRight";
				INFOPLIST_KEY_UISupportedInterfaceOrientations_iPhone = "UIInterfaceOrientationPortrait UIInterfaceOrientationLandscapeLeft UIInterfaceOrientationLandscapeRight";
				INFOPLIST_KEY_UIUserInterfaceStyle = Dark;
				LD_RUNPATH_SEARCH_PATHS = (
					"$(inherited)",
					"@executable_path/Frameworks",
				);
				MARKETING_VERSION = 1.0;
				PRODUCT_BUNDLE_IDENTIFIER = com.kvm.Africa;
				PRODUCT_NAME = "$(TARGET_NAME)";
				SWIFT_EMIT_LOC_STRINGS = YES;
				SWIFT_VERSION = 5.0;
				TARGETED_DEVICE_FAMILY = "1,2";
			};
			name = Debug;
		};
		81AABF072943E97200034429 /* Release */ = {
			isa = XCBuildConfiguration;
			buildSettings = {
				ASSETCATALOG_COMPILER_APPICON_NAME = AppIcon;
				ASSETCATALOG_COMPILER_GLOBAL_ACCENT_COLOR_NAME = AccentColor;
				CODE_SIGN_STYLE = Automatic;
				CURRENT_PROJECT_VERSION = 1;
				DEVELOPMENT_ASSET_PATHS = "\"Africa/Preview Content\"";
				DEVELOPMENT_TEAM = R555F6422X;
				ENABLE_PREVIEWS = YES;
				GENERATE_INFOPLIST_FILE = YES;
				INFOPLIST_FILE = Africa/Info.plist;
				INFOPLIST_KEY_UIApplicationSceneManifest_Generation = YES;
				INFOPLIST_KEY_UIApplicationSupportsIndirectInputEvents = YES;
				INFOPLIST_KEY_UISupportedInterfaceOrientations_iPad = "UIInterfaceOrientationPortrait UIInterfaceOrientationPortraitUpsideDown UIInterfaceOrientationLandscapeLeft UIInterfaceOrientationLandscapeRight";
				INFOPLIST_KEY_UISupportedInterfaceOrientations_iPhone = "UIInterfaceOrientationPortrait UIInterfaceOrientationLandscapeLeft UIInterfaceOrientationLandscapeRight";
				INFOPLIST_KEY_UIUserInterfaceStyle = Dark;
				LD_RUNPATH_SEARCH_PATHS = (
					"$(inherited)",
					"@executable_path/Frameworks",
				);
				MARKETING_VERSION = 1.0;
				PRODUCT_BUNDLE_IDENTIFIER = com.kvm.Africa;
				PRODUCT_NAME = "$(TARGET_NAME)";
				SWIFT_EMIT_LOC_STRINGS = YES;
				SWIFT_VERSION = 5.0;
				TARGETED_DEVICE_FAMILY = "1,2";
			};
			name = Release;
		};
/* End XCBuildConfiguration section */

/* Begin XCConfigurationList section */
		81AABEF22943E97100034429 /* Build configuration list for PBXProject "Africa" */ = {
			isa = XCConfigurationList;
			buildConfigurations = (
				81AABF032943E97200034429 /* Debug */,
				81AABF042943E97200034429 /* Release */,
			);
			defaultConfigurationIsVisible = 0;
			defaultConfigurationName = Release;
		};
		81AABF052943E97200034429 /* Build configuration list for PBXNativeTarget "Africa" */ = {
			isa = XCConfigurationList;
			buildConfigurations = (
				81AABF062943E97200034429 /* Debug */,
				81AABF072943E97200034429 /* Release */,
			);
			defaultConfigurationIsVisible = 0;
			defaultConfigurationName = Release;
		};
/* End XCConfigurationList section */
	};
	rootObject = 81AABEEF2943E97100034429 /* Project object */;
}
